// !$*UTF8*$!
{
	archiveVersion = 1;
	classes = {
	};
	objectVersion = 56;
	objects = {

/* Begin PBXBuildFile section */
		EFD80C0C2C7E0D5A0050FE8D /* GithubApiPlaygroundApp.swift in Sources */ = {isa = PBXBuildFile; fileRef = EFD80C0B2C7E0D5A0050FE8D /* GithubApiPlaygroundApp.swift */; };
		EFD80C0E2C7E0D5A0050FE8D /* UserListView.swift in Sources */ = {isa = PBXBuildFile; fileRef = EFD80C0D2C7E0D5A0050FE8D /* UserListView.swift */; };
		EFD80C102C7E0D5B0050FE8D /* Assets.xcassets in Resources */ = {isa = PBXBuildFile; fileRef = EFD80C0F2C7E0D5B0050FE8D /* Assets.xcassets */; };
		EFD80C132C7E0D5B0050FE8D /* Preview Assets.xcassets in Resources */ = {isa = PBXBuildFile; fileRef = EFD80C122C7E0D5B0050FE8D /* Preview Assets.xcassets */; };
		EFD80C222C7E0D5B0050FE8D /* GithubApiPlaygroundTests.swift in Sources */ = {isa = PBXBuildFile; fileRef = EFD80C212C7E0D5B0050FE8D /* GithubApiPlaygroundTests.swift */; };
		EFD80C2C2C7E0D5B0050FE8D /* GithubApiPlaygroundUITests.swift in Sources */ = {isa = PBXBuildFile; fileRef = EFD80C2B2C7E0D5B0050FE8D /* GithubApiPlaygroundUITests.swift */; };
		EFD80C2E2C7E0D5B0050FE8D /* GithubApiPlaygroundUITestsLaunchTests.swift in Sources */ = {isa = PBXBuildFile; fileRef = EFD80C2D2C7E0D5B0050FE8D /* GithubApiPlaygroundUITestsLaunchTests.swift */; };
		EFD80C3B2C7E0D8B0050FE8D /* GithubPersonalToken.txt in Resources */ = {isa = PBXBuildFile; fileRef = EFD80C3A2C7E0D8B0050FE8D /* GithubPersonalToken.txt */; };
		EFD80C3E2C7E0DB90050FE8D /* ApiService.swift in Sources */ = {isa = PBXBuildFile; fileRef = EFD80C3D2C7E0DB90050FE8D /* ApiService.swift */; };
		EFD80C412C7E2D100050FE8D /* User.swift in Sources */ = {isa = PBXBuildFile; fileRef = EFD80C402C7E2D100050FE8D /* User.swift */; };
		EFD80C442C7F49720050FE8D /* UserListModel.swift in Sources */ = {isa = PBXBuildFile; fileRef = EFD80C432C7F49720050FE8D /* UserListModel.swift */; };
		EFD80C472C7F4B7B0050FE8D /* UserRequest.swift in Sources */ = {isa = PBXBuildFile; fileRef = EFD80C462C7F4B7B0050FE8D /* UserRequest.swift */; };
		EFD80C492C7F4B980050FE8D /* ApiRequest.swift in Sources */ = {isa = PBXBuildFile; fileRef = EFD80C482C7F4B980050FE8D /* ApiRequest.swift */; };
		EFD80C4E2C7F78F50050FE8D /* ImageView.swift in Sources */ = {isa = PBXBuildFile; fileRef = EFD80C4D2C7F78F50050FE8D /* ImageView.swift */; };
		EFD80C502C7F7CB60050FE8D /* UserDetailView.swift in Sources */ = {isa = PBXBuildFile; fileRef = EFD80C4F2C7F7CB60050FE8D /* UserDetailView.swift */; };
		EFD80C522C7F82EE0050FE8D /* UserDetailModel.swift in Sources */ = {isa = PBXBuildFile; fileRef = EFD80C512C7F82EE0050FE8D /* UserDetailModel.swift */; };
		EFD80C542C8015220050FE8D /* UserRepoModel.swift in Sources */ = {isa = PBXBuildFile; fileRef = EFD80C532C8015220050FE8D /* UserRepoModel.swift */; };
		EFD80C562C80AF0A0050FE8D /* CustomWebView.swift in Sources */ = {isa = PBXBuildFile; fileRef = EFD80C552C80AF0A0050FE8D /* CustomWebView.swift */; };
		EFD80C582C80AFF00050FE8D /* RepoDetailView.swift in Sources */ = {isa = PBXBuildFile; fileRef = EFD80C572C80AFF00050FE8D /* RepoDetailView.swift */; };
		EFD80C5A2C81F4760050FE8D /* NetworkMonitor.swift in Sources */ = {isa = PBXBuildFile; fileRef = EFD80C592C81F4760050FE8D /* NetworkMonitor.swift */; };
		EFD80C5D2C81F71B0050FE8D /* LoadingView.swift in Sources */ = {isa = PBXBuildFile; fileRef = EFD80C5C2C81F71B0050FE8D /* LoadingView.swift */; };
		EFD80C5F2C8205580050FE8D /* ImageLoader.swift in Sources */ = {isa = PBXBuildFile; fileRef = EFD80C5E2C8205580050FE8D /* ImageLoader.swift */; };
		EFD80C612C8354FB0050FE8D /* AlertExtension.swift in Sources */ = {isa = PBXBuildFile; fileRef = EFD80C602C8354FB0050FE8D /* AlertExtension.swift */; };
/* End PBXBuildFile section */

/* Begin PBXContainerItemProxy section */
		EFD80C1E2C7E0D5B0050FE8D /* PBXContainerItemProxy */ = {
			isa = PBXContainerItemProxy;
			containerPortal = EFD80C002C7E0D5A0050FE8D /* Project object */;
			proxyType = 1;
			remoteGlobalIDString = EFD80C072C7E0D5A0050FE8D;
			remoteInfo = GithubApiPlayground;
		};
		EFD80C282C7E0D5B0050FE8D /* PBXContainerItemProxy */ = {
			isa = PBXContainerItemProxy;
			containerPortal = EFD80C002C7E0D5A0050FE8D /* Project object */;
			proxyType = 1;
			remoteGlobalIDString = EFD80C072C7E0D5A0050FE8D;
			remoteInfo = GithubApiPlayground;
		};
/* End PBXContainerItemProxy section */

/* Begin PBXFileReference section */
		EFD80C082C7E0D5A0050FE8D /* GithubApiPlayground.app */ = {isa = PBXFileReference; explicitFileType = wrapper.application; includeInIndex = 0; path = GithubApiPlayground.app; sourceTree = BUILT_PRODUCTS_DIR; };
		EFD80C0B2C7E0D5A0050FE8D /* GithubApiPlaygroundApp.swift */ = {isa = PBXFileReference; lastKnownFileType = sourcecode.swift; path = GithubApiPlaygroundApp.swift; sourceTree = "<group>"; };
		EFD80C0D2C7E0D5A0050FE8D /* UserListView.swift */ = {isa = PBXFileReference; lastKnownFileType = sourcecode.swift; path = UserListView.swift; sourceTree = "<group>"; };
		EFD80C0F2C7E0D5B0050FE8D /* Assets.xcassets */ = {isa = PBXFileReference; lastKnownFileType = folder.assetcatalog; path = Assets.xcassets; sourceTree = "<group>"; };
		EFD80C122C7E0D5B0050FE8D /* Preview Assets.xcassets */ = {isa = PBXFileReference; lastKnownFileType = folder.assetcatalog; path = "Preview Assets.xcassets"; sourceTree = "<group>"; };
		EFD80C1D2C7E0D5B0050FE8D /* GithubApiPlaygroundTests.xctest */ = {isa = PBXFileReference; explicitFileType = wrapper.cfbundle; includeInIndex = 0; path = GithubApiPlaygroundTests.xctest; sourceTree = BUILT_PRODUCTS_DIR; };
		EFD80C212C7E0D5B0050FE8D /* GithubApiPlaygroundTests.swift */ = {isa = PBXFileReference; lastKnownFileType = sourcecode.swift; path = GithubApiPlaygroundTests.swift; sourceTree = "<group>"; };
		EFD80C272C7E0D5B0050FE8D /* GithubApiPlaygroundUITests.xctest */ = {isa = PBXFileReference; explicitFileType = wrapper.cfbundle; includeInIndex = 0; path = GithubApiPlaygroundUITests.xctest; sourceTree = BUILT_PRODUCTS_DIR; };
		EFD80C2B2C7E0D5B0050FE8D /* GithubApiPlaygroundUITests.swift */ = {isa = PBXFileReference; lastKnownFileType = sourcecode.swift; path = GithubApiPlaygroundUITests.swift; sourceTree = "<group>"; };
		EFD80C2D2C7E0D5B0050FE8D /* GithubApiPlaygroundUITestsLaunchTests.swift */ = {isa = PBXFileReference; lastKnownFileType = sourcecode.swift; path = GithubApiPlaygroundUITestsLaunchTests.swift; sourceTree = "<group>"; };
		EFD80C3A2C7E0D8B0050FE8D /* GithubPersonalToken.txt */ = {isa = PBXFileReference; fileEncoding = 4; lastKnownFileType = text; path = GithubPersonalToken.txt; sourceTree = "<group>"; };
		EFD80C3D2C7E0DB90050FE8D /* ApiService.swift */ = {isa = PBXFileReference; lastKnownFileType = sourcecode.swift; path = ApiService.swift; sourceTree = "<group>"; };
		EFD80C402C7E2D100050FE8D /* User.swift */ = {isa = PBXFileReference; lastKnownFileType = sourcecode.swift; path = User.swift; sourceTree = "<group>"; };
		EFD80C432C7F49720050FE8D /* UserListModel.swift */ = {isa = PBXFileReference; lastKnownFileType = sourcecode.swift; path = UserListModel.swift; sourceTree = "<group>"; };
		EFD80C462C7F4B7B0050FE8D /* UserRequest.swift */ = {isa = PBXFileReference; lastKnownFileType = sourcecode.swift; path = UserRequest.swift; sourceTree = "<group>"; };
		EFD80C482C7F4B980050FE8D /* ApiRequest.swift */ = {isa = PBXFileReference; lastKnownFileType = sourcecode.swift; path = ApiRequest.swift; sourceTree = "<group>"; };
		EFD80C4D2C7F78F50050FE8D /* ImageView.swift */ = {isa = PBXFileReference; lastKnownFileType = sourcecode.swift; path = ImageView.swift; sourceTree = "<group>"; };
		EFD80C4F2C7F7CB60050FE8D /* UserDetailView.swift */ = {isa = PBXFileReference; lastKnownFileType = sourcecode.swift; path = UserDetailView.swift; sourceTree = "<group>"; };
		EFD80C512C7F82EE0050FE8D /* UserDetailModel.swift */ = {isa = PBXFileReference; lastKnownFileType = sourcecode.swift; path = UserDetailModel.swift; sourceTree = "<group>"; };
		EFD80C532C8015220050FE8D /* UserRepoModel.swift */ = {isa = PBXFileReference; lastKnownFileType = sourcecode.swift; path = UserRepoModel.swift; sourceTree = "<group>"; };
		EFD80C552C80AF0A0050FE8D /* CustomWebView.swift */ = {isa = PBXFileReference; lastKnownFileType = sourcecode.swift; path = CustomWebView.swift; sourceTree = "<group>"; };
		EFD80C572C80AFF00050FE8D /* RepoDetailView.swift */ = {isa = PBXFileReference; lastKnownFileType = sourcecode.swift; path = RepoDetailView.swift; sourceTree = "<group>"; };
		EFD80C592C81F4760050FE8D /* NetworkMonitor.swift */ = {isa = PBXFileReference; lastKnownFileType = sourcecode.swift; path = NetworkMonitor.swift; sourceTree = "<group>"; };
		EFD80C5C2C81F71B0050FE8D /* LoadingView.swift */ = {isa = PBXFileReference; lastKnownFileType = sourcecode.swift; path = LoadingView.swift; sourceTree = "<group>"; };
		EFD80C5E2C8205580050FE8D /* ImageLoader.swift */ = {isa = PBXFileReference; lastKnownFileType = sourcecode.swift; path = ImageLoader.swift; sourceTree = "<group>"; };
		EFD80C602C8354FB0050FE8D /* AlertExtension.swift */ = {isa = PBXFileReference; lastKnownFileType = sourcecode.swift; path = AlertExtension.swift; sourceTree = "<group>"; };
/* End PBXFileReference section */

/* Begin PBXFrameworksBuildPhase section */
		EFD80C052C7E0D5A0050FE8D /* Frameworks */ = {
			isa = PBXFrameworksBuildPhase;
			buildActionMask = 2147483647;
			files = (
			);
			runOnlyForDeploymentPostprocessing = 0;
		};
		EFD80C1A2C7E0D5B0050FE8D /* Frameworks */ = {
			isa = PBXFrameworksBuildPhase;
			buildActionMask = 2147483647;
			files = (
			);
			runOnlyForDeploymentPostprocessing = 0;
		};
		EFD80C242C7E0D5B0050FE8D /* Frameworks */ = {
			isa = PBXFrameworksBuildPhase;
			buildActionMask = 2147483647;
			files = (
			);
			runOnlyForDeploymentPostprocessing = 0;
		};
/* End PBXFrameworksBuildPhase section */

/* Begin PBXGroup section */
		EFD80BFF2C7E0D5A0050FE8D = {
			isa = PBXGroup;
			children = (
				EFD80C0A2C7E0D5A0050FE8D /* GithubApiPlayground */,
				EFD80C202C7E0D5B0050FE8D /* GithubApiPlaygroundTests */,
				EFD80C2A2C7E0D5B0050FE8D /* GithubApiPlaygroundUITests */,
				EFD80C092C7E0D5A0050FE8D /* Products */,
			);
			sourceTree = "<group>";
		};
		EFD80C092C7E0D5A0050FE8D /* Products */ = {
			isa = PBXGroup;
			children = (
				EFD80C082C7E0D5A0050FE8D /* GithubApiPlayground.app */,
				EFD80C1D2C7E0D5B0050FE8D /* GithubApiPlaygroundTests.xctest */,
				EFD80C272C7E0D5B0050FE8D /* GithubApiPlaygroundUITests.xctest */,
			);
			name = Products;
			sourceTree = "<group>";
		};
		EFD80C0A2C7E0D5A0050FE8D /* GithubApiPlayground */ = {
			isa = PBXGroup;
			children = (
				EFD80C4C2C7F78D10050FE8D /* View */,
				EFD80C452C7F4B580050FE8D /* ApiRequest */,
				EFD80C422C7F45B00050FE8D /* ViewModel */,
				EFD80C3F2C7E2CC20050FE8D /* DataStructure */,
				EFD80C3C2C7E0D900050FE8D /* Services */,
				EFD80C0B2C7E0D5A0050FE8D /* GithubApiPlaygroundApp.swift */,
				EFD80C0F2C7E0D5B0050FE8D /* Assets.xcassets */,
				EFD80C3A2C7E0D8B0050FE8D /* GithubPersonalToken.txt */,
				EFD80C112C7E0D5B0050FE8D /* Preview Content */,
			);
			path = GithubApiPlayground;
			sourceTree = "<group>";
		};
		EFD80C112C7E0D5B0050FE8D /* Preview Content */ = {
			isa = PBXGroup;
			children = (
				EFD80C122C7E0D5B0050FE8D /* Preview Assets.xcassets */,
			);
			path = "Preview Content";
			sourceTree = "<group>";
		};
		EFD80C202C7E0D5B0050FE8D /* GithubApiPlaygroundTests */ = {
			isa = PBXGroup;
			children = (
				EFD80C212C7E0D5B0050FE8D /* GithubApiPlaygroundTests.swift */,
			);
			path = GithubApiPlaygroundTests;
			sourceTree = "<group>";
		};
		EFD80C2A2C7E0D5B0050FE8D /* GithubApiPlaygroundUITests */ = {
			isa = PBXGroup;
			children = (
				EFD80C2B2C7E0D5B0050FE8D /* GithubApiPlaygroundUITests.swift */,
				EFD80C2D2C7E0D5B0050FE8D /* GithubApiPlaygroundUITestsLaunchTests.swift */,
			);
			path = GithubApiPlaygroundUITests;
			sourceTree = "<group>";
		};
		EFD80C3C2C7E0D900050FE8D /* Services */ = {
			isa = PBXGroup;
			children = (
				EFD80C3D2C7E0DB90050FE8D /* ApiService.swift */,
				EFD80C5E2C8205580050FE8D /* ImageLoader.swift */,
				EFD80C592C81F4760050FE8D /* NetworkMonitor.swift */,
			);
			path = Services;
			sourceTree = "<group>";
		};
		EFD80C3F2C7E2CC20050FE8D /* DataStructure */ = {
			isa = PBXGroup;
			children = (
				EFD80C402C7E2D100050FE8D /* User.swift */,
			);
			path = DataStructure;
			sourceTree = "<group>";
		};
		EFD80C422C7F45B00050FE8D /* ViewModel */ = {
			isa = PBXGroup;
			children = (
				EFD80C432C7F49720050FE8D /* UserListModel.swift */,
				EFD80C512C7F82EE0050FE8D /* UserDetailModel.swift */,
				EFD80C532C8015220050FE8D /* UserRepoModel.swift */,
			);
			path = ViewModel;
			sourceTree = "<group>";
		};
		EFD80C452C7F4B580050FE8D /* ApiRequest */ = {
			isa = PBXGroup;
			children = (
				EFD80C482C7F4B980050FE8D /* ApiRequest.swift */,
				EFD80C462C7F4B7B0050FE8D /* UserRequest.swift */,
			);
			path = ApiRequest;
			sourceTree = "<group>";
		};
		EFD80C4C2C7F78D10050FE8D /* View */ = {
			isa = PBXGroup;
			children = (
				EFD80C4D2C7F78F50050FE8D /* ImageView.swift */,
				EFD80C0D2C7E0D5A0050FE8D /* UserListView.swift */,
				EFD80C4F2C7F7CB60050FE8D /* UserDetailView.swift */,
				EFD80C552C80AF0A0050FE8D /* CustomWebView.swift */,
				EFD80C572C80AFF00050FE8D /* RepoDetailView.swift */,
				EFD80C5C2C81F71B0050FE8D /* LoadingView.swift */,
				EFD80C602C8354FB0050FE8D /* AlertExtension.swift */,
			);
			path = View;
			sourceTree = "<group>";
		};
/* End PBXGroup section */

/* Begin PBXNativeTarget section */
		EFD80C072C7E0D5A0050FE8D /* GithubApiPlayground */ = {
			isa = PBXNativeTarget;
			buildConfigurationList = EFD80C312C7E0D5B0050FE8D /* Build configuration list for PBXNativeTarget "GithubApiPlayground" */;
			buildPhases = (
				EFD80C042C7E0D5A0050FE8D /* Sources */,
				EFD80C052C7E0D5A0050FE8D /* Frameworks */,
				EFD80C062C7E0D5A0050FE8D /* Resources */,
			);
			buildRules = (
			);
			dependencies = (
			);
			name = GithubApiPlayground;
			productName = GithubApiPlayground;
			productReference = EFD80C082C7E0D5A0050FE8D /* GithubApiPlayground.app */;
			productType = "com.apple.product-type.application";
		};
		EFD80C1C2C7E0D5B0050FE8D /* GithubApiPlaygroundTests */ = {
			isa = PBXNativeTarget;
			buildConfigurationList = EFD80C342C7E0D5B0050FE8D /* Build configuration list for PBXNativeTarget "GithubApiPlaygroundTests" */;
			buildPhases = (
				EFD80C192C7E0D5B0050FE8D /* Sources */,
				EFD80C1A2C7E0D5B0050FE8D /* Frameworks */,
				EFD80C1B2C7E0D5B0050FE8D /* Resources */,
			);
			buildRules = (
			);
			dependencies = (
				EFD80C1F2C7E0D5B0050FE8D /* PBXTargetDependency */,
			);
			name = GithubApiPlaygroundTests;
			productName = GithubApiPlaygroundTests;
			productReference = EFD80C1D2C7E0D5B0050FE8D /* GithubApiPlaygroundTests.xctest */;
			productType = "com.apple.product-type.bundle.unit-test";
		};
		EFD80C262C7E0D5B0050FE8D /* GithubApiPlaygroundUITests */ = {
			isa = PBXNativeTarget;
			buildConfigurationList = EFD80C372C7E0D5B0050FE8D /* Build configuration list for PBXNativeTarget "GithubApiPlaygroundUITests" */;
			buildPhases = (
				EFD80C232C7E0D5B0050FE8D /* Sources */,
				EFD80C242C7E0D5B0050FE8D /* Frameworks */,
				EFD80C252C7E0D5B0050FE8D /* Resources */,
			);
			buildRules = (
			);
			dependencies = (
				EFD80C292C7E0D5B0050FE8D /* PBXTargetDependency */,
			);
			name = GithubApiPlaygroundUITests;
			productName = GithubApiPlaygroundUITests;
			productReference = EFD80C272C7E0D5B0050FE8D /* GithubApiPlaygroundUITests.xctest */;
			productType = "com.apple.product-type.bundle.ui-testing";
		};
/* End PBXNativeTarget section */

/* Begin PBXProject section */
		EFD80C002C7E0D5A0050FE8D /* Project object */ = {
			isa = PBXProject;
			attributes = {
				BuildIndependentTargetsInParallel = 1;
				LastSwiftUpdateCheck = 1500;
				LastUpgradeCheck = 1500;
				TargetAttributes = {
					EFD80C072C7E0D5A0050FE8D = {
						CreatedOnToolsVersion = 15.0.1;
					};
					EFD80C1C2C7E0D5B0050FE8D = {
						CreatedOnToolsVersion = 15.0.1;
						TestTargetID = EFD80C072C7E0D5A0050FE8D;
					};
					EFD80C262C7E0D5B0050FE8D = {
						CreatedOnToolsVersion = 15.0.1;
						TestTargetID = EFD80C072C7E0D5A0050FE8D;
					};
				};
			};
			buildConfigurationList = EFD80C032C7E0D5A0050FE8D /* Build configuration list for PBXProject "GithubApiPlayground" */;
			compatibilityVersion = "Xcode 14.0";
			developmentRegion = en;
			hasScannedForEncodings = 0;
			knownRegions = (
				en,
				Base,
			);
			mainGroup = EFD80BFF2C7E0D5A0050FE8D;
			productRefGroup = EFD80C092C7E0D5A0050FE8D /* Products */;
			projectDirPath = "";
			projectRoot = "";
			targets = (
				EFD80C072C7E0D5A0050FE8D /* GithubApiPlayground */,
				EFD80C1C2C7E0D5B0050FE8D /* GithubApiPlaygroundTests */,
				EFD80C262C7E0D5B0050FE8D /* GithubApiPlaygroundUITests */,
			);
		};
/* End PBXProject section */

/* Begin PBXResourcesBuildPhase section */
		EFD80C062C7E0D5A0050FE8D /* Resources */ = {
			isa = PBXResourcesBuildPhase;
			buildActionMask = 2147483647;
			files = (
				EFD80C132C7E0D5B0050FE8D /* Preview Assets.xcassets in Resources */,
				EFD80C3B2C7E0D8B0050FE8D /* GithubPersonalToken.txt in Resources */,
				EFD80C102C7E0D5B0050FE8D /* Assets.xcassets in Resources */,
			);
			runOnlyForDeploymentPostprocessing = 0;
		};
		EFD80C1B2C7E0D5B0050FE8D /* Resources */ = {
			isa = PBXResourcesBuildPhase;
			buildActionMask = 2147483647;
			files = (
			);
			runOnlyForDeploymentPostprocessing = 0;
		};
		EFD80C252C7E0D5B0050FE8D /* Resources */ = {
			isa = PBXResourcesBuildPhase;
			buildActionMask = 2147483647;
			files = (
			);
			runOnlyForDeploymentPostprocessing = 0;
		};
/* End PBXResourcesBuildPhase section */

/* Begin PBXSourcesBuildPhase section */
		EFD80C042C7E0D5A0050FE8D /* Sources */ = {
			isa = PBXSourcesBuildPhase;
			buildActionMask = 2147483647;
			files = (
				EFD80C4E2C7F78F50050FE8D /* ImageView.swift in Sources */,
				EFD80C5A2C81F4760050FE8D /* NetworkMonitor.swift in Sources */,
				EFD80C442C7F49720050FE8D /* UserListModel.swift in Sources */,
				EFD80C5D2C81F71B0050FE8D /* LoadingView.swift in Sources */,
				EFD80C3E2C7E0DB90050FE8D /* ApiService.swift in Sources */,
				EFD80C412C7E2D100050FE8D /* User.swift in Sources */,
				EFD80C472C7F4B7B0050FE8D /* UserRequest.swift in Sources */,
				EFD80C582C80AFF00050FE8D /* RepoDetailView.swift in Sources */,
				EFD80C612C8354FB0050FE8D /* AlertExtension.swift in Sources */,
				EFD80C492C7F4B980050FE8D /* ApiRequest.swift in Sources */,
				EFD80C522C7F82EE0050FE8D /* UserDetailModel.swift in Sources */,
				EFD80C542C8015220050FE8D /* UserRepoModel.swift in Sources */,
				EFD80C0E2C7E0D5A0050FE8D /* UserListView.swift in Sources */,
				EFD80C5F2C8205580050FE8D /* ImageLoader.swift in Sources */,
				EFD80C0C2C7E0D5A0050FE8D /* GithubApiPlaygroundApp.swift in Sources */,
				EFD80C562C80AF0A0050FE8D /* CustomWebView.swift in Sources */,
				EFD80C502C7F7CB60050FE8D /* UserDetailView.swift in Sources */,
			);
			runOnlyForDeploymentPostprocessing = 0;
		};
		EFD80C192C7E0D5B0050FE8D /* Sources */ = {
			isa = PBXSourcesBuildPhase;
			buildActionMask = 2147483647;
			files = (
				EFD80C222C7E0D5B0050FE8D /* GithubApiPlaygroundTests.swift in Sources */,
			);
			runOnlyForDeploymentPostprocessing = 0;
		};
		EFD80C232C7E0D5B0050FE8D /* Sources */ = {
			isa = PBXSourcesBuildPhase;
			buildActionMask = 2147483647;
			files = (
				EFD80C2C2C7E0D5B0050FE8D /* GithubApiPlaygroundUITests.swift in Sources */,
				EFD80C2E2C7E0D5B0050FE8D /* GithubApiPlaygroundUITestsLaunchTests.swift in Sources */,
			);
			runOnlyForDeploymentPostprocessing = 0;
		};
/* End PBXSourcesBuildPhase section */

/* Begin PBXTargetDependency section */
		EFD80C1F2C7E0D5B0050FE8D /* PBXTargetDependency */ = {
			isa = PBXTargetDependency;
			target = EFD80C072C7E0D5A0050FE8D /* GithubApiPlayground */;
			targetProxy = EFD80C1E2C7E0D5B0050FE8D /* PBXContainerItemProxy */;
		};
		EFD80C292C7E0D5B0050FE8D /* PBXTargetDependency */ = {
			isa = PBXTargetDependency;
			target = EFD80C072C7E0D5A0050FE8D /* GithubApiPlayground */;
			targetProxy = EFD80C282C7E0D5B0050FE8D /* PBXContainerItemProxy */;
		};
/* End PBXTargetDependency section */

/* Begin XCBuildConfiguration section */
		EFD80C2F2C7E0D5B0050FE8D /* Debug */ = {
			isa = XCBuildConfiguration;
			buildSettings = {
				ALWAYS_SEARCH_USER_PATHS = NO;
				ASSETCATALOG_COMPILER_GENERATE_SWIFT_ASSET_SYMBOL_EXTENSIONS = YES;
				CLANG_ANALYZER_NONNULL = YES;
				CLANG_ANALYZER_NUMBER_OBJECT_CONVERSION = YES_AGGRESSIVE;
				CLANG_CXX_LANGUAGE_STANDARD = "gnu++20";
				CLANG_ENABLE_MODULES = YES;
				CLANG_ENABLE_OBJC_ARC = YES;
				CLANG_ENABLE_OBJC_WEAK = YES;
				CLANG_WARN_BLOCK_CAPTURE_AUTORELEASING = YES;
				CLANG_WARN_BOOL_CONVERSION = YES;
				CLANG_WARN_COMMA = YES;
				CLANG_WARN_CONSTANT_CONVERSION = YES;
				CLANG_WARN_DEPRECATED_OBJC_IMPLEMENTATIONS = YES;
				CLANG_WARN_DIRECT_OBJC_ISA_USAGE = YES_ERROR;
				CLANG_WARN_DOCUMENTATION_COMMENTS = YES;
				CLANG_WARN_EMPTY_BODY = YES;
				CLANG_WARN_ENUM_CONVERSION = YES;
				CLANG_WARN_INFINITE_RECURSION = YES;
				CLANG_WARN_INT_CONVERSION = YES;
				CLANG_WARN_NON_LITERAL_NULL_CONVERSION = YES;
				CLANG_WARN_OBJC_IMPLICIT_RETAIN_SELF = YES;
				CLANG_WARN_OBJC_LITERAL_CONVERSION = YES;
				CLANG_WARN_OBJC_ROOT_CLASS = YES_ERROR;
				CLANG_WARN_QUOTED_INCLUDE_IN_FRAMEWORK_HEADER = YES;
				CLANG_WARN_RANGE_LOOP_ANALYSIS = YES;
				CLANG_WARN_STRICT_PROTOTYPES = YES;
				CLANG_WARN_SUSPICIOUS_MOVE = YES;
				CLANG_WARN_UNGUARDED_AVAILABILITY = YES_AGGRESSIVE;
				CLANG_WARN_UNREACHABLE_CODE = YES;
				CLANG_WARN__DUPLICATE_METHOD_MATCH = YES;
				COPY_PHASE_STRIP = NO;
				DEBUG_INFORMATION_FORMAT = dwarf;
				ENABLE_STRICT_OBJC_MSGSEND = YES;
				ENABLE_TESTABILITY = YES;
				ENABLE_USER_SCRIPT_SANDBOXING = YES;
				GCC_C_LANGUAGE_STANDARD = gnu17;
				GCC_DYNAMIC_NO_PIC = NO;
				GCC_NO_COMMON_BLOCKS = YES;
				GCC_OPTIMIZATION_LEVEL = 0;
				GCC_PREPROCESSOR_DEFINITIONS = (
					"DEBUG=1",
					"$(inherited)",
				);
				GCC_WARN_64_TO_32_BIT_CONVERSION = YES;
				GCC_WARN_ABOUT_RETURN_TYPE = YES_ERROR;
				GCC_WARN_UNDECLARED_SELECTOR = YES;
				GCC_WARN_UNINITIALIZED_AUTOS = YES_AGGRESSIVE;
				GCC_WARN_UNUSED_FUNCTION = YES;
				GCC_WARN_UNUSED_VARIABLE = YES;
				IPHONEOS_DEPLOYMENT_TARGET = 17.0;
				LOCALIZATION_PREFERS_STRING_CATALOGS = YES;
				MTL_ENABLE_DEBUG_INFO = INCLUDE_SOURCE;
				MTL_FAST_MATH = YES;
				ONLY_ACTIVE_ARCH = YES;
				SDKROOT = iphoneos;
				SWIFT_ACTIVE_COMPILATION_CONDITIONS = "DEBUG $(inherited)";
				SWIFT_OPTIMIZATION_LEVEL = "-Onone";
			};
			name = Debug;
		};
		EFD80C302C7E0D5B0050FE8D /* Release */ = {
			isa = XCBuildConfiguration;
			buildSettings = {
				ALWAYS_SEARCH_USER_PATHS = NO;
				ASSETCATALOG_COMPILER_GENERATE_SWIFT_ASSET_SYMBOL_EXTENSIONS = YES;
				CLANG_ANALYZER_NONNULL = YES;
				CLANG_ANALYZER_NUMBER_OBJECT_CONVERSION = YES_AGGRESSIVE;
				CLANG_CXX_LANGUAGE_STANDARD = "gnu++20";
				CLANG_ENABLE_MODULES = YES;
				CLANG_ENABLE_OBJC_ARC = YES;
				CLANG_ENABLE_OBJC_WEAK = YES;
				CLANG_WARN_BLOCK_CAPTURE_AUTORELEASING = YES;
				CLANG_WARN_BOOL_CONVERSION = YES;
				CLANG_WARN_COMMA = YES;
				CLANG_WARN_CONSTANT_CONVERSION = YES;
				CLANG_WARN_DEPRECATED_OBJC_IMPLEMENTATIONS = YES;
				CLANG_WARN_DIRECT_OBJC_ISA_USAGE = YES_ERROR;
				CLANG_WARN_DOCUMENTATION_COMMENTS = YES;
				CLANG_WARN_EMPTY_BODY = YES;
				CLANG_WARN_ENUM_CONVERSION = YES;
				CLANG_WARN_INFINITE_RECURSION = YES;
				CLANG_WARN_INT_CONVERSION = YES;
				CLANG_WARN_NON_LITERAL_NULL_CONVERSION = YES;
				CLANG_WARN_OBJC_IMPLICIT_RETAIN_SELF = YES;
				CLANG_WARN_OBJC_LITERAL_CONVERSION = YES;
				CLANG_WARN_OBJC_ROOT_CLASS = YES_ERROR;
				CLANG_WARN_QUOTED_INCLUDE_IN_FRAMEWORK_HEADER = YES;
				CLANG_WARN_RANGE_LOOP_ANALYSIS = YES;
				CLANG_WARN_STRICT_PROTOTYPES = YES;
				CLANG_WARN_SUSPICIOUS_MOVE = YES;
				CLANG_WARN_UNGUARDED_AVAILABILITY = YES_AGGRESSIVE;
				CLANG_WARN_UNREACHABLE_CODE = YES;
				CLANG_WARN__DUPLICATE_METHOD_MATCH = YES;
				COPY_PHASE_STRIP = NO;
				DEBUG_INFORMATION_FORMAT = "dwarf-with-dsym";
				ENABLE_NS_ASSERTIONS = NO;
				ENABLE_STRICT_OBJC_MSGSEND = YES;
				ENABLE_USER_SCRIPT_SANDBOXING = YES;
				GCC_C_LANGUAGE_STANDARD = gnu17;
				GCC_NO_COMMON_BLOCKS = YES;
				GCC_WARN_64_TO_32_BIT_CONVERSION = YES;
				GCC_WARN_ABOUT_RETURN_TYPE = YES_ERROR;
				GCC_WARN_UNDECLARED_SELECTOR = YES;
				GCC_WARN_UNINITIALIZED_AUTOS = YES_AGGRESSIVE;
				GCC_WARN_UNUSED_FUNCTION = YES;
				GCC_WARN_UNUSED_VARIABLE = YES;
				IPHONEOS_DEPLOYMENT_TARGET = 17.0;
				LOCALIZATION_PREFERS_STRING_CATALOGS = YES;
				MTL_ENABLE_DEBUG_INFO = NO;
				MTL_FAST_MATH = YES;
				SDKROOT = iphoneos;
				SWIFT_COMPILATION_MODE = wholemodule;
				VALIDATE_PRODUCT = YES;
			};
			name = Release;
		};
		EFD80C322C7E0D5B0050FE8D /* Debug */ = {
			isa = XCBuildConfiguration;
			buildSettings = {
				ASSETCATALOG_COMPILER_APPICON_NAME = AppIcon;
				ASSETCATALOG_COMPILER_GLOBAL_ACCENT_COLOR_NAME = AccentColor;
				CODE_SIGN_STYLE = Automatic;
				CURRENT_PROJECT_VERSION = 1;
				DEVELOPMENT_ASSET_PATHS = "\"GithubApiPlayground/Preview Content\"";
				DEVELOPMENT_TEAM = 87N724V2PB;
				ENABLE_PREVIEWS = YES;
				GENERATE_INFOPLIST_FILE = YES;
				INFOPLIST_KEY_UIApplicationSceneManifest_Generation = YES;
				INFOPLIST_KEY_UIApplicationSupportsIndirectInputEvents = YES;
				INFOPLIST_KEY_UILaunchScreen_Generation = YES;
				INFOPLIST_KEY_UISupportedInterfaceOrientations_iPad = "UIInterfaceOrientationPortrait UIInterfaceOrientationPortraitUpsideDown UIInterfaceOrientationLandscapeLeft UIInterfaceOrientationLandscapeRight";
				INFOPLIST_KEY_UISupportedInterfaceOrientations_iPhone = "UIInterfaceOrientationPortrait UIInterfaceOrientationLandscapeLeft UIInterfaceOrientationLandscapeRight";
				LD_RUNPATH_SEARCH_PATHS = (
					"$(inherited)",
					"@executable_path/Frameworks",
				);
				MARKETING_VERSION = 1.0;
				PRODUCT_BUNDLE_IDENTIFIER = com.ethanlab.GithubApiPlayground;
				PRODUCT_NAME = "$(TARGET_NAME)";
				SWIFT_EMIT_LOC_STRINGS = YES;
				SWIFT_VERSION = 5.0;
				TARGETED_DEVICE_FAMILY = "1,2";
			};
			name = Debug;
		};
		EFD80C332C7E0D5B0050FE8D /* Release */ = {
			isa = XCBuildConfiguration;
			buildSettings = {
				ASSETCATALOG_COMPILER_APPICON_NAME = AppIcon;
				ASSETCATALOG_COMPILER_GLOBAL_ACCENT_COLOR_NAME = AccentColor;
				CODE_SIGN_STYLE = Automatic;
				CURRENT_PROJECT_VERSION = 1;
				DEVELOPMENT_ASSET_PATHS = "\"GithubApiPlayground/Preview Content\"";
				DEVELOPMENT_TEAM = 87N724V2PB;
				ENABLE_PREVIEWS = YES;
				GENERATE_INFOPLIST_FILE = YES;
				INFOPLIST_KEY_UIApplicationSceneManifest_Generation = YES;
				INFOPLIST_KEY_UIApplicationSupportsIndirectInputEvents = YES;
				INFOPLIST_KEY_UILaunchScreen_Generation = YES;
				INFOPLIST_KEY_UISupportedInterfaceOrientations_iPad = "UIInterfaceOrientationPortrait UIInterfaceOrientationPortraitUpsideDown UIInterfaceOrientationLandscapeLeft UIInterfaceOrientationLandscapeRight";
				INFOPLIST_KEY_UISupportedInterfaceOrientations_iPhone = "UIInterfaceOrientationPortrait UIInterfaceOrientationLandscapeLeft UIInterfaceOrientationLandscapeRight";
				LD_RUNPATH_SEARCH_PATHS = (
					"$(inherited)",
					"@executable_path/Frameworks",
				);
				MARKETING_VERSION = 1.0;
				PRODUCT_BUNDLE_IDENTIFIER = com.ethanlab.GithubApiPlayground;
				PRODUCT_NAME = "$(TARGET_NAME)";
				SWIFT_EMIT_LOC_STRINGS = YES;
				SWIFT_VERSION = 5.0;
				TARGETED_DEVICE_FAMILY = "1,2";
			};
			name = Release;
		};
		EFD80C352C7E0D5B0050FE8D /* Debug */ = {
			isa = XCBuildConfiguration;
			buildSettings = {
				ALWAYS_EMBED_SWIFT_STANDARD_LIBRARIES = YES;
				BUNDLE_LOADER = "$(TEST_HOST)";
				CODE_SIGN_STYLE = Automatic;
				CURRENT_PROJECT_VERSION = 1;
				DEVELOPMENT_TEAM = 87N724V2PB;
				GENERATE_INFOPLIST_FILE = YES;
				IPHONEOS_DEPLOYMENT_TARGET = 17.0;
				MARKETING_VERSION = 1.0;
				PRODUCT_BUNDLE_IDENTIFIER = com.ethanlab.GithubApiPlaygroundTests;
				PRODUCT_NAME = "$(TARGET_NAME)";
				SWIFT_EMIT_LOC_STRINGS = NO;
				SWIFT_VERSION = 5.0;
				TARGETED_DEVICE_FAMILY = "1,2";
				TEST_HOST = "$(BUILT_PRODUCTS_DIR)/GithubApiPlayground.app/$(BUNDLE_EXECUTABLE_FOLDER_PATH)/GithubApiPlayground";
			};
			name = Debug;
		};
		EFD80C362C7E0D5B0050FE8D /* Release */ = {
			isa = XCBuildConfiguration;
			buildSettings = {
				ALWAYS_EMBED_SWIFT_STANDARD_LIBRARIES = YES;
				BUNDLE_LOADER = "$(TEST_HOST)";
				CODE_SIGN_STYLE = Automatic;
				CURRENT_PROJECT_VERSION = 1;
				DEVELOPMENT_TEAM = 87N724V2PB;
				GENERATE_INFOPLIST_FILE = YES;
				IPHONEOS_DEPLOYMENT_TARGET = 17.0;
				MARKETING_VERSION = 1.0;
				PRODUCT_BUNDLE_IDENTIFIER = com.ethanlab.GithubApiPlaygroundTests;
				PRODUCT_NAME = "$(TARGET_NAME)";
				SWIFT_EMIT_LOC_STRINGS = NO;
				SWIFT_VERSION = 5.0;
				TARGETED_DEVICE_FAMILY = "1,2";
				TEST_HOST = "$(BUILT_PRODUCTS_DIR)/GithubApiPlayground.app/$(BUNDLE_EXECUTABLE_FOLDER_PATH)/GithubApiPlayground";
			};
			name = Release;
		};
		EFD80C382C7E0D5B0050FE8D /* Debug */ = {
			isa = XCBuildConfiguration;
			buildSettings = {
				ALWAYS_EMBED_SWIFT_STANDARD_LIBRARIES = YES;
				CODE_SIGN_STYLE = Automatic;
				CURRENT_PROJECT_VERSION = 1;
				DEVELOPMENT_TEAM = 87N724V2PB;
				GENERATE_INFOPLIST_FILE = YES;
				MARKETING_VERSION = 1.0;
				PRODUCT_BUNDLE_IDENTIFIER = com.ethanlab.GithubApiPlaygroundUITests;
				PRODUCT_NAME = "$(TARGET_NAME)";
				SWIFT_EMIT_LOC_STRINGS = NO;
				SWIFT_VERSION = 5.0;
				TARGETED_DEVICE_FAMILY = "1,2";
				TEST_TARGET_NAME = GithubApiPlayground;
			};
			name = Debug;
		};
		EFD80C392C7E0D5B0050FE8D /* Release */ = {
			isa = XCBuildConfiguration;
			buildSettings = {
				ALWAYS_EMBED_SWIFT_STANDARD_LIBRARIES = YES;
				CODE_SIGN_STYLE = Automatic;
				CURRENT_PROJECT_VERSION = 1;
				DEVELOPMENT_TEAM = 87N724V2PB;
				GENERATE_INFOPLIST_FILE = YES;
				MARKETING_VERSION = 1.0;
				PRODUCT_BUNDLE_IDENTIFIER = com.ethanlab.GithubApiPlaygroundUITests;
				PRODUCT_NAME = "$(TARGET_NAME)";
				SWIFT_EMIT_LOC_STRINGS = NO;
				SWIFT_VERSION = 5.0;
				TARGETED_DEVICE_FAMILY = "1,2";
				TEST_TARGET_NAME = GithubApiPlayground;
			};
			name = Release;
		};
/* End XCBuildConfiguration section */

/* Begin XCConfigurationList section */
		EFD80C032C7E0D5A0050FE8D /* Build configuration list for PBXProject "GithubApiPlayground" */ = {
			isa = XCConfigurationList;
			buildConfigurations = (
				EFD80C2F2C7E0D5B0050FE8D /* Debug */,
				EFD80C302C7E0D5B0050FE8D /* Release */,
			);
			defaultConfigurationIsVisible = 0;
			defaultConfigurationName = Release;
		};
		EFD80C312C7E0D5B0050FE8D /* Build configuration list for PBXNativeTarget "GithubApiPlayground" */ = {
			isa = XCConfigurationList;
			buildConfigurations = (
				EFD80C322C7E0D5B0050FE8D /* Debug */,
				EFD80C332C7E0D5B0050FE8D /* Release */,
			);
			defaultConfigurationIsVisible = 0;
			defaultConfigurationName = Release;
		};
		EFD80C342C7E0D5B0050FE8D /* Build configuration list for PBXNativeTarget "GithubApiPlaygroundTests" */ = {
			isa = XCConfigurationList;
			buildConfigurations = (
				EFD80C352C7E0D5B0050FE8D /* Debug */,
				EFD80C362C7E0D5B0050FE8D /* Release */,
			);
			defaultConfigurationIsVisible = 0;
			defaultConfigurationName = Release;
		};
		EFD80C372C7E0D5B0050FE8D /* Build configuration list for PBXNativeTarget "GithubApiPlaygroundUITests" */ = {
			isa = XCConfigurationList;
			buildConfigurations = (
				EFD80C382C7E0D5B0050FE8D /* Debug */,
				EFD80C392C7E0D5B0050FE8D /* Release */,
			);
			defaultConfigurationIsVisible = 0;
			defaultConfigurationName = Release;
		};
/* End XCConfigurationList section */
	};
	rootObject = EFD80C002C7E0D5A0050FE8D /* Project object */;
}
